
Microsoft Visual Studio Solution File, Format Version 12.00
# Visual Studio Version 17
VisualStudioVersion = 17.2.32602.215
MinimumVisualStudioVersion = 10.0.40219.1
Project("{2150E333-8FDC-42A3-9474-1A3956D46DE8}") = "1-HAFTA", "1-HAFTA", "{B6B38FA2-2C72-4776-9232-2F9EA068B6D3}"
EndProject
Project("{2150E333-8FDC-42A3-9474-1A3956D46DE8}") = "2-HAFTA", "2-HAFTA", "{0A9C79B3-5662-475B-A2FC-5E78D810979D}"
EndProject
Project("{2150E333-8FDC-42A3-9474-1A3956D46DE8}") = "3-HAFTA", "3-HAFTA", "{2CE1DAFE-2425-49DD-BD9D-D3A021142F8F}"
EndProject
Project("{2150E333-8FDC-42A3-9474-1A3956D46DE8}") = "4-HAFTA", "4-HAFTA", "{AE3E098A-B38C-4CBD-A5C5-B9A5E0B37DB7}"
EndProject
Project("{FAE04EC0-301F-11D3-BF4B-00C04F79EFBC}") = "1-HAFTA", "1-HAFTA\1-HAFTA.csproj", "{F348619F-D74E-43E8-9A3E-BABADDB890BD}"
EndProject
Project("{FAE04EC0-301F-11D3-BF4B-00C04F79EFBC}") = "2-HAFTA", "2-HAFTA\2-HAFTA.csproj", "{3CFE5923-EA6C-4A7D-897E-EF8F92A052E2}"
EndProject
Project("{00D1A9C2-B5F0-4AF3-8072-F6C62B433612}") = "3-HAFTA", "3-HAFTA\3-HAFTA.sqlproj", "{CC2DBD0A-27BC-4E26-BD56-3C7DF8F9991E}"
EndProject
Project("{FAE04EC0-301F-11D3-BF4B-00C04F79EFBC}") = "4-HAFTA", "4-HAFTA\4-HAFTA.csproj", "{A0A8A936-7CB9-4149-877C-10311D5050ED}"
EndProject
Global
	GlobalSection(SolutionConfigurationPlatforms) = preSolution
		Debug|Any CPU = Debug|Any CPU
		Release|Any CPU = Release|Any CPU
	EndGlobalSection
	GlobalSection(ProjectConfigurationPlatforms) = postSolution
		{F348619F-D74E-43E8-9A3E-BABADDB890BD}.Debug|Any CPU.ActiveCfg = Debug|Any CPU
		{F348619F-D74E-43E8-9A3E-BABADDB890BD}.Debug|Any CPU.Build.0 = Debug|Any CPU
		{F348619F-D74E-43E8-9A3E-BABADDB890BD}.Release|Any CPU.ActiveCfg = Release|Any CPU
		{F348619F-D74E-43E8-9A3E-BABADDB890BD}.Release|Any CPU.Build.0 = Release|Any CPU
		{3CFE5923-EA6C-4A7D-897E-EF8F92A052E2}.Debug|Any CPU.ActiveCfg = Debug|Any CPU
		{3CFE5923-EA6C-4A7D-897E-EF8F92A052E2}.Debug|Any CPU.Build.0 = Debug|Any CPU
		{3CFE5923-EA6C-4A7D-897E-EF8F92A052E2}.Release|Any CPU.ActiveCfg = Release|Any CPU
		{3CFE5923-EA6C-4A7D-897E-EF8F92A052E2}.Release|Any CPU.Build.0 = Release|Any CPU
		{CC2DBD0A-27BC-4E26-BD56-3C7DF8F9991E}.Debug|Any CPU.ActiveCfg = Debug|Any CPU
		{CC2DBD0A-27BC-4E26-BD56-3C7DF8F9991E}.Debug|Any CPU.Build.0 = Debug|Any CPU
		{CC2DBD0A-27BC-4E26-BD56-3C7DF8F9991E}.Debug|Any CPU.Deploy.0 = Debug|Any CPU
		{CC2DBD0A-27BC-4E26-BD56-3C7DF8F9991E}.Release|Any CPU.ActiveCfg = Release|Any CPU
		{CC2DBD0A-27BC-4E26-BD56-3C7DF8F9991E}.Release|Any CPU.Build.0 = Release|Any CPU
		{CC2DBD0A-27BC-4E26-BD56-3C7DF8F9991E}.Release|Any CPU.Deploy.0 = Release|Any CPU
		{A0A8A936-7CB9-4149-877C-10311D5050ED}.Debug|Any CPU.ActiveCfg = Debug|Any CPU
		{A0A8A936-7CB9-4149-877C-10311D5050ED}.Debug|Any CPU.Build.0 = Debug|Any CPU
		{A0A8A936-7CB9-4149-877C-10311D5050ED}.Release|Any CPU.ActiveCfg = Release|Any CPU
		{A0A8A936-7CB9-4149-877C-10311D5050ED}.Release|Any CPU.Build.0 = Release|Any CPU
	EndGlobalSection
	GlobalSection(SolutionProperties) = preSolution
		HideSolutionNode = FALSE
	EndGlobalSection
	GlobalSection(NestedProjects) = preSolution
		{F348619F-D74E-43E8-9A3E-BABADDB890BD} = {B6B38FA2-2C72-4776-9232-2F9EA068B6D3}
		{3CFE5923-EA6C-4A7D-897E-EF8F92A052E2} = {0A9C79B3-5662-475B-A2FC-5E78D810979D}
		{CC2DBD0A-27BC-4E26-BD56-3C7DF8F9991E} = {2CE1DAFE-2425-49DD-BD9D-D3A021142F8F}
		{A0A8A936-7CB9-4149-877C-10311D5050ED} = {AE3E098A-B38C-4CBD-A5C5-B9A5E0B37DB7}
	EndGlobalSection
	GlobalSection(ExtensibilityGlobals) = postSolution
		SolutionGuid = {9A928A59-225D-45A6-9DEB-8AFB7D6666A0}
	EndGlobalSection
EndGlobal
